// !$*UTF8*$!
{
	archiveVersion = 1;
	classes = {
	};
	objectVersion = 55;
	objects = {

/* Begin PBXBuildFile section */
		7248948B27D02BFB008E15FB /* businessdb.c in Sources */ = {isa = PBXBuildFile; fileRef = 7248948A27D02BFB008E15FB /* businessdb.c */; };
		7248949627D02CF4008E15FB /* parser.c in Sources */ = {isa = PBXBuildFile; fileRef = 7248949527D02CF4008E15FB /* parser.c */; };
		7248949C27D55AAD008E15FB /* hashtable.c in Sources */ = {isa = PBXBuildFile; fileRef = 7248949827D55AAD008E15FB /* hashtable.c */; };
		7248949D27D55AAD008E15FB /* speck.c in Sources */ = {isa = PBXBuildFile; fileRef = 7248949927D55AAD008E15FB /* speck.c */; };
/* End PBXBuildFile section */

/* Begin PBXCopyFilesBuildPhase section */
		7248948527D02BFB008E15FB /* CopyFiles */ = {
			isa = PBXCopyFilesBuildPhase;
			buildActionMask = 2147483647;
			dstPath = /usr/share/man/man1/;
			dstSubfolderSpec = 0;
			files = (
			);
			runOnlyForDeploymentPostprocessing = 1;
		};
/* End PBXCopyFilesBuildPhase section */

/* Begin PBXFileReference section */
		7248948727D02BFB008E15FB /* hw7 */ = {isa = PBXFileReference; explicitFileType = "compiled.mach-o.executable"; includeInIndex = 0; path = hw7; sourceTree = BUILT_PRODUCTS_DIR; };
		7248948A27D02BFB008E15FB /* businessdb.c */ = {isa = PBXFileReference; lastKnownFileType = sourcecode.c.c; path = businessdb.c; sourceTree = "<group>"; };
		7248949127D02CF3008E15FB /* parser.h */ = {isa = PBXFileReference; fileEncoding = 4; lastKnownFileType = sourcecode.c.h; path = parser.h; sourceTree = "<group>"; };
		7248949227D02CF4008E15FB /* node.h */ = {isa = PBXFileReference; fileEncoding = 4; lastKnownFileType = sourcecode.c.h; path = node.h; sourceTree = "<group>"; };
		7248949327D02CF4008E15FB /* bst.h */ = {isa = PBXFileReference; fileEncoding = 4; lastKnownFileType = sourcecode.c.h; path = bst.h; sourceTree = "<group>"; };
		7248949427D02CF4008E15FB /* ht.h */ = {isa = PBXFileReference; fileEncoding = 4; lastKnownFileType = sourcecode.c.h; path = ht.h; sourceTree = "<group>"; };
		7248949527D02CF4008E15FB /* parser.c */ = {isa = PBXFileReference; fileEncoding = 4; lastKnownFileType = sourcecode.c.c; path = parser.c; sourceTree = "<group>"; };
		7248949727D034EB008E15FB /* customers.tsv */ = {isa = PBXFileReference; fileEncoding = 4; lastKnownFileType = text; path = customers.tsv; sourceTree = "<group>"; };
		7248949827D55AAD008E15FB /* hashtable.c */ = {isa = PBXFileReference; fileEncoding = 4; lastKnownFileType = sourcecode.c.c; path = hashtable.c; sourceTree = "<group>"; };
		7248949927D55AAD008E15FB /* speck.c */ = {isa = PBXFileReference; fileEncoding = 4; lastKnownFileType = sourcecode.c.c; path = speck.c; sourceTree = "<group>"; };
		7248949A27D55AAD008E15FB /* speck.h */ = {isa = PBXFileReference; fileEncoding = 4; lastKnownFileType = sourcecode.c.h; path = speck.h; sourceTree = "<group>"; };
		7248949B27D55AAD008E15FB /* salts.h */ = {isa = PBXFileReference; fileEncoding = 4; lastKnownFileType = sourcecode.c.h; path = salts.h; sourceTree = "<group>"; };
/* End PBXFileReference section */

/* Begin PBXFrameworksBuildPhase section */
		7248948427D02BFB008E15FB /* Frameworks */ = {
			isa = PBXFrameworksBuildPhase;
			buildActionMask = 2147483647;
			files = (
			);
			runOnlyForDeploymentPostprocessing = 0;
		};
/* End PBXFrameworksBuildPhase section */

/* Begin PBXGroup section */
		7248947E27D02BFB008E15FB = {
			isa = PBXGroup;
			children = (
				7248948927D02BFB008E15FB /* hw7 */,
				7248948827D02BFB008E15FB /* Products */,
			);
			sourceTree = "<group>";
		};
		7248948827D02BFB008E15FB /* Products */ = {
			isa = PBXGroup;
			children = (
				7248948727D02BFB008E15FB /* hw7 */,
			);
			name = Products;
			sourceTree = "<group>";
		};
		7248948927D02BFB008E15FB /* hw7 */ = {
			isa = PBXGroup;
			children = (
				7248949827D55AAD008E15FB /* hashtable.c */,
				7248949B27D55AAD008E15FB /* salts.h */,
				7248949927D55AAD008E15FB /* speck.c */,
				7248949A27D55AAD008E15FB /* speck.h */,
				7248949727D034EB008E15FB /* customers.tsv */,
				7248948A27D02BFB008E15FB /* businessdb.c */,
				7248949327D02CF4008E15FB /* bst.h */,
				7248949427D02CF4008E15FB /* ht.h */,
				7248949227D02CF4008E15FB /* node.h */,
				7248949527D02CF4008E15FB /* parser.c */,
				7248949127D02CF3008E15FB /* parser.h */,
			);
			path = hw7;
			sourceTree = "<group>";
		};
/* End PBXGroup section */

/* Begin PBXNativeTarget section */
		7248948627D02BFB008E15FB /* hw7 */ = {
			isa = PBXNativeTarget;
			buildConfigurationList = 7248948E27D02BFB008E15FB /* Build configuration list for PBXNativeTarget "hw7" */;
			buildPhases = (
				7248948327D02BFB008E15FB /* Sources */,
				7248948427D02BFB008E15FB /* Frameworks */,
				7248948527D02BFB008E15FB /* CopyFiles */,
			);
			buildRules = (
			);
			dependencies = (
			);
			name = hw7;
			productName = hw7;
			productReference = 7248948727D02BFB008E15FB /* hw7 */;
			productType = "com.apple.product-type.tool";
		};
/* End PBXNativeTarget section */

/* Begin PBXProject section */
		7248947F27D02BFB008E15FB /* Project object */ = {
			isa = PBXProject;
			attributes = {
				BuildIndependentTargetsInParallel = 1;
				LastUpgradeCheck = 1320;
				TargetAttributes = {
					7248948627D02BFB008E15FB = {
						CreatedOnToolsVersion = 13.2.1;
					};
				};
			};
			buildConfigurationList = 7248948227D02BFB008E15FB /* Build configuration list for PBXProject "hw7" */;
			compatibilityVersion = "Xcode 13.0";
			developmentRegion = en;
			hasScannedForEncodings = 0;
			knownRegions = (
				en,
				Base,
			);
			mainGroup = 7248947E27D02BFB008E15FB;
			productRefGroup = 7248948827D02BFB008E15FB /* Products */;
			projectDirPath = "";
			projectRoot = "";
			targets = (
				7248948627D02BFB008E15FB /* hw7 */,
			);
		};
/* End PBXProject section */

/* Begin PBXSourcesBuildPhase section */
		7248948327D02BFB008E15FB /* Sources */ = {
			isa = PBXSourcesBuildPhase;
			buildActionMask = 2147483647;
			files = (
				7248949627D02CF4008E15FB /* parser.c in Sources */,
				7248948B27D02BFB008E15FB /* businessdb.c in Sources */,
				7248949D27D55AAD008E15FB /* speck.c in Sources */,
				7248949C27D55AAD008E15FB /* hashtable.c in Sources */,
			);
			runOnlyForDeploymentPostprocessing = 0;
		};
/* End PBXSourcesBuildPhase section */

/* Begin XCBuildConfiguration section */
		7248948C27D02BFB008E15FB /* Debug */ = {
			isa = XCBuildConfiguration;
			buildSettings = {
				ALWAYS_SEARCH_USER_PATHS = NO;
				CLANG_ANALYZER_NONNULL = YES;
				CLANG_ANALYZER_NUMBER_OBJECT_CONVERSION = YES_AGGRESSIVE;
				CLANG_CXX_LANGUAGE_STANDARD = "gnu++17";
				CLANG_CXX_LIBRARY = "libc++";
				CLANG_ENABLE_MODULES = YES;
				CLANG_ENABLE_OBJC_ARC = YES;
				CLANG_ENABLE_OBJC_WEAK = YES;
				CLANG_WARN_BLOCK_CAPTURE_AUTORELEASING = YES;
				CLANG_WARN_BOOL_CONVERSION = YES;
				CLANG_WARN_COMMA = YES;
				CLANG_WARN_CONSTANT_CONVERSION = YES;
				CLANG_WARN_DEPRECATED_OBJC_IMPLEMENTATIONS = YES;
				CLANG_WARN_DIRECT_OBJC_ISA_USAGE = YES_ERROR;
				CLANG_WARN_DOCUMENTATION_COMMENTS = YES;
				CLANG_WARN_EMPTY_BODY = YES;
				CLANG_WARN_ENUM_CONVERSION = YES;
				CLANG_WARN_INFINITE_RECURSION = YES;
				CLANG_WARN_INT_CONVERSION = YES;
				CLANG_WARN_NON_LITERAL_NULL_CONVERSION = YES;
				CLANG_WARN_OBJC_IMPLICIT_RETAIN_SELF = YES;
				CLANG_WARN_OBJC_LITERAL_CONVERSION = YES;
				CLANG_WARN_OBJC_ROOT_CLASS = YES_ERROR;
				CLANG_WARN_QUOTED_INCLUDE_IN_FRAMEWORK_HEADER = YES;
				CLANG_WARN_RANGE_LOOP_ANALYSIS = YES;
				CLANG_WARN_STRICT_PROTOTYPES = YES;
				CLANG_WARN_SUSPICIOUS_MOVE = YES;
				CLANG_WARN_UNGUARDED_AVAILABILITY = YES_AGGRESSIVE;
				CLANG_WARN_UNREACHABLE_CODE = YES;
				CLANG_WARN__DUPLICATE_METHOD_MATCH = YES;
				COPY_PHASE_STRIP = NO;
				DEBUG_INFORMATION_FORMAT = dwarf;
				ENABLE_STRICT_OBJC_MSGSEND = YES;
				ENABLE_TESTABILITY = YES;
				GCC_C_LANGUAGE_STANDARD = gnu11;
				GCC_DYNAMIC_NO_PIC = NO;
				GCC_NO_COMMON_BLOCKS = YES;
				GCC_OPTIMIZATION_LEVEL = 0;
				GCC_PREPROCESSOR_DEFINITIONS = (
					"DEBUG=1",
					"$(inherited)",
				);
				GCC_WARN_64_TO_32_BIT_CONVERSION = YES;
				GCC_WARN_ABOUT_RETURN_TYPE = YES_ERROR;
				GCC_WARN_UNDECLARED_SELECTOR = YES;
				GCC_WARN_UNINITIALIZED_AUTOS = YES_AGGRESSIVE;
				GCC_WARN_UNUSED_FUNCTION = YES;
				GCC_WARN_UNUSED_VARIABLE = YES;
				MACOSX_DEPLOYMENT_TARGET = 12.1;
				MTL_ENABLE_DEBUG_INFO = INCLUDE_SOURCE;
				MTL_FAST_MATH = YES;
				ONLY_ACTIVE_ARCH = YES;
				SDKROOT = macosx;
			};
			name = Debug;
		};
		7248948D27D02BFB008E15FB /* Release */ = {
			isa = XCBuildConfiguration;
			buildSettings = {
				ALWAYS_SEARCH_USER_PATHS = NO;
				CLANG_ANALYZER_NONNULL = YES;
				CLANG_ANALYZER_NUMBER_OBJECT_CONVERSION = YES_AGGRESSIVE;
				CLANG_CXX_LANGUAGE_STANDARD = "gnu++17";
				CLANG_CXX_LIBRARY = "libc++";
				CLANG_ENABLE_MODULES = YES;
				CLANG_ENABLE_OBJC_ARC = YES;
				CLANG_ENABLE_OBJC_WEAK = YES;
				CLANG_WARN_BLOCK_CAPTURE_AUTORELEASING = YES;
				CLANG_WARN_BOOL_CONVERSION = YES;
				CLANG_WARN_COMMA = YES;
				CLANG_WARN_CONSTANT_CONVERSION = YES;
				CLANG_WARN_DEPRECATED_OBJC_IMPLEMENTATIONS = YES;
				CLANG_WARN_DIRECT_OBJC_ISA_USAGE = YES_ERROR;
				CLANG_WARN_DOCUMENTATION_COMMENTS = YES;
				CLANG_WARN_EMPTY_BODY = YES;
				CLANG_WARN_ENUM_CONVERSION = YES;
				CLANG_WARN_INFINITE_RECURSION = YES;
				CLANG_WARN_INT_CONVERSION = YES;
				CLANG_WARN_NON_LITERAL_NULL_CONVERSION = YES;
				CLANG_WARN_OBJC_IMPLICIT_RETAIN_SELF = YES;
				CLANG_WARN_OBJC_LITERAL_CONVERSION = YES;
				CLANG_WARN_OBJC_ROOT_CLASS = YES_ERROR;
				CLANG_WARN_QUOTED_INCLUDE_IN_FRAMEWORK_HEADER = YES;
				CLANG_WARN_RANGE_LOOP_ANALYSIS = YES;
				CLANG_WARN_STRICT_PROTOTYPES = YES;
				CLANG_WARN_SUSPICIOUS_MOVE = YES;
				CLANG_WARN_UNGUARDED_AVAILABILITY = YES_AGGRESSIVE;
				CLANG_WARN_UNREACHABLE_CODE = YES;
				CLANG_WARN__DUPLICATE_METHOD_MATCH = YES;
				COPY_PHASE_STRIP = NO;
				DEBUG_INFORMATION_FORMAT = "dwarf-with-dsym";
				ENABLE_NS_ASSERTIONS = NO;
				ENABLE_STRICT_OBJC_MSGSEND = YES;
				GCC_C_LANGUAGE_STANDARD = gnu11;
				GCC_NO_COMMON_BLOCKS = YES;
				GCC_WARN_64_TO_32_BIT_CONVERSION = YES;
				GCC_WARN_ABOUT_RETURN_TYPE = YES_ERROR;
				GCC_WARN_UNDECLARED_SELECTOR = YES;
				GCC_WARN_UNINITIALIZED_AUTOS = YES_AGGRESSIVE;
				GCC_WARN_UNUSED_FUNCTION = YES;
				GCC_WARN_UNUSED_VARIABLE = YES;
				MACOSX_DEPLOYMENT_TARGET = 12.1;
				MTL_ENABLE_DEBUG_INFO = NO;
				MTL_FAST_MATH = YES;
				SDKROOT = macosx;
			};
			name = Release;
		};
		7248948F27D02BFB008E15FB /* Debug */ = {
			isa = XCBuildConfiguration;
			buildSettings = {
				CODE_SIGN_STYLE = Automatic;
				PRODUCT_NAME = "$(TARGET_NAME)";
			};
			name = Debug;
		};
		7248949027D02BFB008E15FB /* Release */ = {
			isa = XCBuildConfiguration;
			buildSettings = {
				CODE_SIGN_STYLE = Automatic;
				PRODUCT_NAME = "$(TARGET_NAME)";
			};
			name = Release;
		};
/* End XCBuildConfiguration section */

/* Begin XCConfigurationList section */
		7248948227D02BFB008E15FB /* Build configuration list for PBXProject "hw7" */ = {
			isa = XCConfigurationList;
			buildConfigurations = (
				7248948C27D02BFB008E15FB /* Debug */,
				7248948D27D02BFB008E15FB /* Release */,
			);
			defaultConfigurationIsVisible = 0;
			defaultConfigurationName = Release;
		};
		7248948E27D02BFB008E15FB /* Build configuration list for PBXNativeTarget "hw7" */ = {
			isa = XCConfigurationList;
			buildConfigurations = (
				7248948F27D02BFB008E15FB /* Debug */,
				7248949027D02BFB008E15FB /* Release */,
			);
			defaultConfigurationIsVisible = 0;
			defaultConfigurationName = Release;
		};
/* End XCConfigurationList section */
	};
	rootObject = 7248947F27D02BFB008E15FB /* Project object */;
}
